// !$*UTF8*$!
{
	archiveVersion = 1;
	classes = {
	};
	objectVersion = 46;
	objects = {

/* Begin PBXBuildFile section */
		4931B5F61B135BE400005B49 /* AppDelegate.swift in Sources */ = {isa = PBXBuildFile; fileRef = 4931B5F51B135BE400005B49 /* AppDelegate.swift */; };
		4931B5F81B135BE400005B49 /* ViewController.swift in Sources */ = {isa = PBXBuildFile; fileRef = 4931B5F71B135BE400005B49 /* ViewController.swift */; };
		4931B5FB1B135BE400005B49 /* Main.storyboard in Resources */ = {isa = PBXBuildFile; fileRef = 4931B5F91B135BE400005B49 /* Main.storyboard */; };
		4931B5FD1B135BE400005B49 /* Images.xcassets in Resources */ = {isa = PBXBuildFile; fileRef = 4931B5FC1B135BE400005B49 /* Images.xcassets */; };
		4931B6001B135BE400005B49 /* LaunchScreen.xib in Resources */ = {isa = PBXBuildFile; fileRef = 4931B5FE1B135BE400005B49 /* LaunchScreen.xib */; };
		4931B60C1B135BE400005B49 /* memeTests.swift in Sources */ = {isa = PBXBuildFile; fileRef = 4931B60B1B135BE400005B49 /* memeTests.swift */; };
		4931B6161B13DB4500005B49 /* MemeModel.swift in Sources */ = {isa = PBXBuildFile; fileRef = 4931B6151B13DB4500005B49 /* MemeModel.swift */; };
		499D76DF1B1EF18A0049C0C9 /* MemeTableCell.swift in Sources */ = {isa = PBXBuildFile; fileRef = 499D76DE1B1EF18A0049C0C9 /* MemeTableCell.swift */; };
		499D76E11B1F29FD0049C0C9 /* MemeCollectionCell.swift in Sources */ = {isa = PBXBuildFile; fileRef = 499D76E01B1F29FD0049C0C9 /* MemeCollectionCell.swift */; };
		49D3D3E61B1B36940023F4D8 /* MemeTableViewController.swift in Sources */ = {isa = PBXBuildFile; fileRef = 49D3D3E51B1B36940023F4D8 /* MemeTableViewController.swift */; };
		49D3D3E81B1B36D30023F4D8 /* MemeCollectionViewController.swift in Sources */ = {isa = PBXBuildFile; fileRef = 49D3D3E71B1B36D30023F4D8 /* MemeCollectionViewController.swift */; };
/* End PBXBuildFile section */

/* Begin PBXContainerItemProxy section */
		4931B6061B135BE400005B49 /* PBXContainerItemProxy */ = {
			isa = PBXContainerItemProxy;
			containerPortal = 4931B5E81B135BE400005B49 /* Project object */;
			proxyType = 1;
			remoteGlobalIDString = 4931B5EF1B135BE400005B49;
			remoteInfo = meme;
		};
/* End PBXContainerItemProxy section */

/* Begin PBXFileReference section */
		4931B5F01B135BE400005B49 /* meme.app */ = {isa = PBXFileReference; explicitFileType = wrapper.application; includeInIndex = 0; path = meme.app; sourceTree = BUILT_PRODUCTS_DIR; };
		4931B5F41B135BE400005B49 /* Info.plist */ = {isa = PBXFileReference; lastKnownFileType = text.plist.xml; path = Info.plist; sourceTree = "<group>"; };
		4931B5F51B135BE400005B49 /* AppDelegate.swift */ = {isa = PBXFileReference; lastKnownFileType = sourcecode.swift; path = AppDelegate.swift; sourceTree = "<group>"; };
		4931B5F71B135BE400005B49 /* ViewController.swift */ = {isa = PBXFileReference; lastKnownFileType = sourcecode.swift; path = ViewController.swift; sourceTree = "<group>"; };
		4931B5FA1B135BE400005B49 /* Base */ = {isa = PBXFileReference; lastKnownFileType = file.storyboard; name = Base; path = Base.lproj/Main.storyboard; sourceTree = "<group>"; };
		4931B5FC1B135BE400005B49 /* Images.xcassets */ = {isa = PBXFileReference; lastKnownFileType = folder.assetcatalog; path = Images.xcassets; sourceTree = "<group>"; };
		4931B5FF1B135BE400005B49 /* Base */ = {isa = PBXFileReference; lastKnownFileType = file.xib; name = Base; path = Base.lproj/LaunchScreen.xib; sourceTree = "<group>"; };
		4931B6051B135BE400005B49 /* memeTests.xctest */ = {isa = PBXFileReference; explicitFileType = wrapper.cfbundle; includeInIndex = 0; path = memeTests.xctest; sourceTree = BUILT_PRODUCTS_DIR; };
		4931B60A1B135BE400005B49 /* Info.plist */ = {isa = PBXFileReference; lastKnownFileType = text.plist.xml; path = Info.plist; sourceTree = "<group>"; };
		4931B60B1B135BE400005B49 /* memeTests.swift */ = {isa = PBXFileReference; lastKnownFileType = sourcecode.swift; path = memeTests.swift; sourceTree = "<group>"; };
		4931B6151B13DB4500005B49 /* MemeModel.swift */ = {isa = PBXFileReference; fileEncoding = 4; lastKnownFileType = sourcecode.swift; path = MemeModel.swift; sourceTree = "<group>"; };
		499D76DE1B1EF18A0049C0C9 /* MemeTableCell.swift */ = {isa = PBXFileReference; fileEncoding = 4; lastKnownFileType = sourcecode.swift; path = MemeTableCell.swift; sourceTree = "<group>"; };
		499D76E01B1F29FD0049C0C9 /* MemeCollectionCell.swift */ = {isa = PBXFileReference; fileEncoding = 4; lastKnownFileType = sourcecode.swift; path = MemeCollectionCell.swift; sourceTree = "<group>"; };
		49D3D3E51B1B36940023F4D8 /* MemeTableViewController.swift */ = {isa = PBXFileReference; fileEncoding = 4; lastKnownFileType = sourcecode.swift; path = MemeTableViewController.swift; sourceTree = "<group>"; };
		49D3D3E71B1B36D30023F4D8 /* MemeCollectionViewController.swift */ = {isa = PBXFileReference; fileEncoding = 4; lastKnownFileType = sourcecode.swift; path = MemeCollectionViewController.swift; sourceTree = "<group>"; };
/* End PBXFileReference section */

/* Begin PBXFrameworksBuildPhase section */
		4931B5ED1B135BE400005B49 /* Frameworks */ = {
			isa = PBXFrameworksBuildPhase;
			buildActionMask = 2147483647;
			files = (
			);
			runOnlyForDeploymentPostprocessing = 0;
		};
		4931B6021B135BE400005B49 /* Frameworks */ = {
			isa = PBXFrameworksBuildPhase;
			buildActionMask = 2147483647;
			files = (
			);
			runOnlyForDeploymentPostprocessing = 0;
		};
/* End PBXFrameworksBuildPhase section */

/* Begin PBXGroup section */
		4931B5E71B135BE400005B49 = {
			isa = PBXGroup;
			children = (
				4931B5F21B135BE400005B49 /* meme */,
				4931B6081B135BE400005B49 /* memeTests */,
				4931B5F11B135BE400005B49 /* Products */,
			);
			sourceTree = "<group>";
		};
		4931B5F11B135BE400005B49 /* Products */ = {
			isa = PBXGroup;
			children = (
				4931B5F01B135BE400005B49 /* meme.app */,
				4931B6051B135BE400005B49 /* memeTests.xctest */,
			);
			name = Products;
			sourceTree = "<group>";
		};
		4931B5F21B135BE400005B49 /* meme */ = {
			isa = PBXGroup;
			children = (
				4931B6151B13DB4500005B49 /* MemeModel.swift */,
				499D76DE1B1EF18A0049C0C9 /* MemeTableCell.swift */,
				499D76E01B1F29FD0049C0C9 /* MemeCollectionCell.swift */,
				4931B5F51B135BE400005B49 /* AppDelegate.swift */,
				4931B5F71B135BE400005B49 /* ViewController.swift */,
				49D3D3E51B1B36940023F4D8 /* MemeTableViewController.swift */,
				49D3D3E71B1B36D30023F4D8 /* MemeCollectionViewController.swift */,
				4931B5F91B135BE400005B49 /* Main.storyboard */,
				4931B5FC1B135BE400005B49 /* Images.xcassets */,
				4931B5FE1B135BE400005B49 /* LaunchScreen.xib */,
				4931B5F31B135BE400005B49 /* Supporting Files */,
			);
			path = meme;
			sourceTree = "<group>";
		};
		4931B5F31B135BE400005B49 /* Supporting Files */ = {
			isa = PBXGroup;
			children = (
				4931B5F41B135BE400005B49 /* Info.plist */,
			);
			name = "Supporting Files";
			sourceTree = "<group>";
		};
		4931B6081B135BE400005B49 /* memeTests */ = {
			isa = PBXGroup;
			children = (
				4931B60B1B135BE400005B49 /* memeTests.swift */,
				4931B6091B135BE400005B49 /* Supporting Files */,
			);
			path = memeTests;
			sourceTree = "<group>";
		};
		4931B6091B135BE400005B49 /* Supporting Files */ = {
			isa = PBXGroup;
			children = (
				4931B60A1B135BE400005B49 /* Info.plist */,
			);
			name = "Supporting Files";
			sourceTree = "<group>";
		};
/* End PBXGroup section */

/* Begin PBXNativeTarget section */
		4931B5EF1B135BE400005B49 /* meme */ = {
			isa = PBXNativeTarget;
			buildConfigurationList = 4931B60F1B135BE400005B49 /* Build configuration list for PBXNativeTarget "meme" */;
			buildPhases = (
				4931B5EC1B135BE400005B49 /* Sources */,
				4931B5ED1B135BE400005B49 /* Frameworks */,
				4931B5EE1B135BE400005B49 /* Resources */,
			);
			buildRules = (
			);
			dependencies = (
			);
			name = meme;
			productName = meme;
			productReference = 4931B5F01B135BE400005B49 /* meme.app */;
			productType = "com.apple.product-type.application";
		};
		4931B6041B135BE400005B49 /* memeTests */ = {
			isa = PBXNativeTarget;
			buildConfigurationList = 4931B6121B135BE400005B49 /* Build configuration list for PBXNativeTarget "memeTests" */;
			buildPhases = (
				4931B6011B135BE400005B49 /* Sources */,
				4931B6021B135BE400005B49 /* Frameworks */,
				4931B6031B135BE400005B49 /* Resources */,
			);
			buildRules = (
			);
			dependencies = (
				4931B6071B135BE400005B49 /* PBXTargetDependency */,
			);
			name = memeTests;
			productName = memeTests;
			productReference = 4931B6051B135BE400005B49 /* memeTests.xctest */;
			productType = "com.apple.product-type.bundle.unit-test";
		};
/* End PBXNativeTarget section */

/* Begin PBXProject section */
		4931B5E81B135BE400005B49 /* Project object */ = {
			isa = PBXProject;
			attributes = {
				LastUpgradeCheck = 0630;
				ORGANIZATIONNAME = Firekite;
				TargetAttributes = {
					4931B5EF1B135BE400005B49 = {
						CreatedOnToolsVersion = 6.3.1;
						DevelopmentTeam = 667JQF925V;
					};
					4931B6041B135BE400005B49 = {
						CreatedOnToolsVersion = 6.3.1;
						TestTargetID = 4931B5EF1B135BE400005B49;
					};
				};
			};
			buildConfigurationList = 4931B5EB1B135BE400005B49 /* Build configuration list for PBXProject "meme" */;
			compatibilityVersion = "Xcode 3.2";
			developmentRegion = English;
			hasScannedForEncodings = 0;
			knownRegions = (
				en,
				Base,
			);
			mainGroup = 4931B5E71B135BE400005B49;
			productRefGroup = 4931B5F11B135BE400005B49 /* Products */;
			projectDirPath = "";
			projectRoot = "";
			targets = (
				4931B5EF1B135BE400005B49 /* meme */,
				4931B6041B135BE400005B49 /* memeTests */,
			);
		};
/* End PBXProject section */

/* Begin PBXResourcesBuildPhase section */
		4931B5EE1B135BE400005B49 /* Resources */ = {
			isa = PBXResourcesBuildPhase;
			buildActionMask = 2147483647;
			files = (
				4931B5FB1B135BE400005B49 /* Main.storyboard in Resources */,
				4931B6001B135BE400005B49 /* LaunchScreen.xib in Resources */,
				4931B5FD1B135BE400005B49 /* Images.xcassets in Resources */,
			);
			runOnlyForDeploymentPostprocessing = 0;
		};
		4931B6031B135BE400005B49 /* Resources */ = {
			isa = PBXResourcesBuildPhase;
			buildActionMask = 2147483647;
			files = (
			);
			runOnlyForDeploymentPostprocessing = 0;
		};
/* End PBXResourcesBuildPhase section */

/* Begin PBXSourcesBuildPhase section */
		4931B5EC1B135BE400005B49 /* Sources */ = {
			isa = PBXSourcesBuildPhase;
			buildActionMask = 2147483647;
			files = (
				4931B5F81B135BE400005B49 /* ViewController.swift in Sources */,
				4931B6161B13DB4500005B49 /* MemeModel.swift in Sources */,
				499D76DF1B1EF18A0049C0C9 /* MemeTableCell.swift in Sources */,
				49D3D3E81B1B36D30023F4D8 /* MemeCollectionViewController.swift in Sources */,
				499D76E11B1F29FD0049C0C9 /* MemeCollectionCell.swift in Sources */,
				4931B5F61B135BE400005B49 /* AppDelegate.swift in Sources */,
				49D3D3E61B1B36940023F4D8 /* MemeTableViewController.swift in Sources */,
			);
			runOnlyForDeploymentPostprocessing = 0;
		};
		4931B6011B135BE400005B49 /* Sources */ = {
			isa = PBXSourcesBuildPhase;
			buildActionMask = 2147483647;
			files = (
				4931B60C1B135BE400005B49 /* memeTests.swift in Sources */,
			);
			runOnlyForDeploymentPostprocessing = 0;
		};
/* End PBXSourcesBuildPhase section */

/* Begin PBXTargetDependency section */
		4931B6071B135BE400005B49 /* PBXTargetDependency */ = {
			isa = PBXTargetDependency;
			target = 4931B5EF1B135BE400005B49 /* meme */;
			targetProxy = 4931B6061B135BE400005B49 /* PBXContainerItemProxy */;
		};
/* End PBXTargetDependency section */

/* Begin PBXVariantGroup section */
		4931B5F91B135BE400005B49 /* Main.storyboard */ = {
			isa = PBXVariantGroup;
			children = (
				4931B5FA1B135BE400005B49 /* Base */,
			);
			name = Main.storyboard;
			sourceTree = "<group>";
		};
		4931B5FE1B135BE400005B49 /* LaunchScreen.xib */ = {
			isa = PBXVariantGroup;
			children = (
				4931B5FF1B135BE400005B49 /* Base */,
			);
			name = LaunchScreen.xib;
			sourceTree = "<group>";
		};
/* End PBXVariantGroup section */

/* Begin XCBuildConfiguration section */
		4931B60D1B135BE400005B49 /* Debug */ = {
			isa = XCBuildConfiguration;
			buildSettings = {
				ALWAYS_SEARCH_USER_PATHS = NO;
				CLANG_CXX_LANGUAGE_STANDARD = "gnu++0x";
				CLANG_CXX_LIBRARY = "libc++";
				CLANG_ENABLE_MODULES = YES;
				CLANG_ENABLE_OBJC_ARC = YES;
				CLANG_WARN_BOOL_CONVERSION = YES;
				CLANG_WARN_CONSTANT_CONVERSION = YES;
				CLANG_WARN_DIRECT_OBJC_ISA_USAGE = YES_ERROR;
				CLANG_WARN_EMPTY_BODY = YES;
				CLANG_WARN_ENUM_CONVERSION = YES;
				CLANG_WARN_INT_CONVERSION = YES;
				CLANG_WARN_OBJC_ROOT_CLASS = YES_ERROR;
				CLANG_WARN_UNREACHABLE_CODE = YES;
				CLANG_WARN__DUPLICATE_METHOD_MATCH = YES;
				"CODE_SIGN_IDENTITY[sdk=iphoneos*]" = "iPhone Developer";
				COPY_PHASE_STRIP = NO;
				DEBUG_INFORMATION_FORMAT = "dwarf-with-dsym";
				ENABLE_STRICT_OBJC_MSGSEND = YES;
				GCC_C_LANGUAGE_STANDARD = gnu99;
				GCC_DYNAMIC_NO_PIC = NO;
				GCC_NO_COMMON_BLOCKS = YES;
				GCC_OPTIMIZATION_LEVEL = 0;
				GCC_PREPROCESSOR_DEFINITIONS = (
					"DEBUG=1",
					"$(inherited)",
				);
				GCC_SYMBOLS_PRIVATE_EXTERN = NO;
				GCC_WARN_64_TO_32_BIT_CONVERSION = YES;
				GCC_WARN_ABOUT_RETURN_TYPE = YES_ERROR;
				GCC_WARN_UNDECLARED_SELECTOR = YES;
				GCC_WARN_UNINITIALIZED_AUTOS = YES_AGGRESSIVE;
				GCC_WARN_UNUSED_FUNCTION = YES;
				GCC_WARN_UNUSED_VARIABLE = YES;
				IPHONEOS_DEPLOYMENT_TARGET = 8.3;
				MTL_ENABLE_DEBUG_INFO = YES;
				ONLY_ACTIVE_ARCH = YES;
				SDKROOT = iphoneos;
				SWIFT_OPTIMIZATION_LEVEL = "-Onone";
				TARGETED_DEVICE_FAMILY = "1,2";
			};
			name = Debug;
		};
		4931B60E1B135BE400005B49 /* Release */ = {
			isa = XCBuildConfiguration;
			buildSettings = {
				ALWAYS_SEARCH_USER_PATHS = NO;
				CLANG_CXX_LANGUAGE_STANDARD = "gnu++0x";
				CLANG_CXX_LIBRARY = "libc++";
				CLANG_ENABLE_MODULES = YES;
				CLANG_ENABLE_OBJC_ARC = YES;
				CLANG_WARN_BOOL_CONVERSION = YES;
				CLANG_WARN_CONSTANT_CONVERSION = YES;
				CLANG_WARN_DIRECT_OBJC_ISA_USAGE = YES_ERROR;
				CLANG_WARN_EMPTY_BODY = YES;
				CLANG_WARN_ENUM_CONVERSION = YES;
				CLANG_WARN_INT_CONVERSION = YES;
				CLANG_WARN_OBJC_ROOT_CLASS = YES_ERROR;
				CLANG_WARN_UNREACHABLE_CODE = YES;
				CLANG_WARN__DUPLICATE_METHOD_MATCH = YES;
				"CODE_SIGN_IDENTITY[sdk=iphoneos*]" = "iPhone Developer";
				COPY_PHASE_STRIP = NO;
				DEBUG_INFORMATION_FORMAT = "dwarf-with-dsym";
				ENABLE_NS_ASSERTIONS = NO;
				ENABLE_STRICT_OBJC_MSGSEND = YES;
				GCC_C_LANGUAGE_STANDARD = gnu99;
				GCC_NO_COMMON_BLOCKS = YES;
				GCC_WARN_64_TO_32_BIT_CONVERSION = YES;
				GCC_WARN_ABOUT_RETURN_TYPE = YES_ERROR;
				GCC_WARN_UNDECLARED_SELECTOR = YES;
				GCC_WARN_UNINITIALIZED_AUTOS = YES_AGGRESSIVE;
				GCC_WARN_UNUSED_FUNCTION = YES;
				GCC_WARN_UNUSED_VARIABLE = YES;
				IPHONEOS_DEPLOYMENT_TARGET = 8.3;
				MTL_ENABLE_DEBUG_INFO = NO;
				SDKROOT = iphoneos;
				TARGETED_DEVICE_FAMILY = "1,2";
				VALIDATE_PRODUCT = YES;
			};
			name = Release;
		};
		4931B6101B135BE400005B49 /* Debug */ = {
			isa = XCBuildConfiguration;
			buildSettings = {
				ASSETCATALOG_COMPILER_APPICON_NAME = AppIcon;
				CODE_SIGN_IDENTITY = "iPhone Developer";
				"CODE_SIGN_IDENTITY[sdk=iphoneos*]" = "iPhone Developer";
				INFOPLIST_FILE = meme/Info.plist;
				LD_RUNPATH_SEARCH_PATHS = "$(inherited) @executable_path/Frameworks";
				PRODUCT_NAME = "$(TARGET_NAME)";
				PROVISIONING_PROFILE = "";
			};
			name = Debug;
		};
		4931B6111B135BE400005B49 /* Release */ = {
			isa = XCBuildConfiguration;
			buildSettings = {
				ASSETCATALOG_COMPILER_APPICON_NAME = AppIcon;
				CODE_SIGN_IDENTITY = "iPhone Developer";
				"CODE_SIGN_IDENTITY[sdk=iphoneos*]" = "iPhone Developer";
				INFOPLIST_FILE = meme/Info.plist;
				LD_RUNPATH_SEARCH_PATHS = "$(inherited) @executable_path/Frameworks";
				PRODUCT_NAME = "$(TARGET_NAME)";
				PROVISIONING_PROFILE = "";
			};
			name = Release;
		};
		4931B6131B135BE400005B49 /* Debug */ = {
			isa = XCBuildConfiguration;
			buildSettings = {
				BUNDLE_LOADER = "$(TEST_HOST)";
				FRAMEWORK_SEARCH_PATHS = (
					"$(SDKROOT)/Developer/Library/Frameworks",
					"$(inherited)",
				);
				GCC_PREPROCESSOR_DEFINITIONS = (
					"DEBUG=1",
					"$(inherited)",
				);
				INFOPLIST_FILE = memeTests/Info.plist;
				LD_RUNPATH_SEARCH_PATHS = "$(inherited) @executable_path/Frameworks @loader_path/Frameworks";
				PRODUCT_NAME = "$(TARGET_NAME)";
				TEST_HOST = "$(BUILT_PRODUCTS_DIR)/meme.app/meme";
			};
			name = Debug;
		};
		4931B6141B135BE400005B49 /* Release */ = {
			isa = XCBuildConfiguration;
			buildSettings = {
				BUNDLE_LOADER = "$(TEST_HOST)";
				FRAMEWORK_SEARCH_PATHS = (
					"$(SDKROOT)/Developer/Library/Frameworks",
					"$(inherited)",
				);
				INFOPLIST_FILE = memeTests/Info.plist;
				LD_RUNPATH_SEARCH_PATHS = "$(inherited) @executable_path/Frameworks @loader_path/Frameworks";
				PRODUCT_NAME = "$(TARGET_NAME)";
				TEST_HOST = "$(BUILT_PRODUCTS_DIR)/meme.app/meme";
			};
			name = Release;
		};
/* End XCBuildConfiguration section */

/* Begin XCConfigurationList section */
		4931B5EB1B135BE400005B49 /* Build configuration list for PBXProject "meme" */ = {
			isa = XCConfigurationList;
			buildConfigurations = (
				4931B60D1B135BE400005B49 /* Debug */,
				4931B60E1B135BE400005B49 /* Release */,
			);
			defaultConfigurationIsVisible = 0;
			defaultConfigurationName = Release;
		};
		4931B60F1B135BE400005B49 /* Build configuration list for PBXNativeTarget "meme" */ = {
			isa = XCConfigurationList;
			buildConfigurations = (
				4931B6101B135BE400005B49 /* Debug */,
				4931B6111B135BE400005B49 /* Release */,
			);
			defaultConfigurationIsVisible = 0;
			defaultConfigurationName = Release;
		};
		4931B6121B135BE400005B49 /* Build configuration list for PBXNativeTarget "memeTests" */ = {
			isa = XCConfigurationList;
			buildConfigurations = (
				4931B6131B135BE400005B49 /* Debug */,
				4931B6141B135BE400005B49 /* Release */,
			);
			defaultConfigurationIsVisible = 0;
			defaultConfigurationName = Release;
		};
/* End XCConfigurationList section */
	};
	rootObject = 4931B5E81B135BE400005B49 /* Project object */;
}
